github.com/bep/gallerydeluxe v0.13.0 h1:WN1frUKbDlkecpZEWbAhxBHVaRPqiBhj764HG1rHLc4=
github.com/bep/gallerydeluxe v0.13.0/go.mod h1:sUfRcjREo6DwxPo0sMp0TAxNZiGreOY6DY2dWGpSeR8=
github.com/bep/hugo-mod-misc/common-partials v0.1.0 h1:SiGnrf9MW1aFczXpXPTDpsGr3SvimIaBXMpZucPxT+g=
github.com/bep/hugo-mod-misc/common-partials v0.1.0/go.mod h1:lw2586uqPfye9yTYgSyvZwU3dfpZcjDXmIOJeR4D6O0=
